
Microsoft Visual Studio Solution File, Format Version 12.00
# Visual Studio Version 16
VisualStudioVersion = 16.0.30907.101
MinimumVisualStudioVersion = 10.0.40219.1
Project("{FAE04EC0-301F-11D3-BF4B-00C04F79EFBC}") = "ExerciseOne", "ExerciseOne\ExerciseOne.csproj", "{7B58DC92-F485-4320-B300-91ACAC369499}"
EndProject
Global
	GlobalSection(SolutionConfigurationPlatforms) = preSolution
		Debug|Any CPU = Debug|Any CPU
		Release|Any CPU = Release|Any CPU
	EndGlobalSection
	GlobalSection(ProjectConfigurationPlatforms) = postSolution
		{7B58DC92-F485-4320-B300-91ACAC369499}.Debug|Any CPU.ActiveCfg = Debug|Any CPU
		{7B58DC92-F485-4320-B300-91ACAC369499}.Debug|Any CPU.Build.0 = Debug|Any CPU
		{7B58DC92-F485-4320-B300-91ACAC369499}.Release|Any CPU.ActiveCfg = Release|Any CPU
		{7B58DC92-F485-4320-B300-91ACAC369499}.Release|Any CPU.Build.0 = Release|Any CPU
	EndGlobalSection
	GlobalSection(SolutionProperties) = preSolution
		HideSolutionNode = FALSE
	EndGlobalSection
	GlobalSection(ExtensibilityGlobals) = postSolution
		SolutionGuid = {7649CF76-9A66-4A46-BB57-39B3C2790868}
	EndGlobalSection
EndGlobal
