
Microsoft Visual Studio Solution File, Format Version 12.00
# Visual Studio Version 16
VisualStudioVersion = 16.0.30907.101
MinimumVisualStudioVersion = 10.0.40219.1
Project("{FAE04EC0-301F-11D3-BF4B-00C04F79EFBC}") = "Milestone", "Milestone\Milestone.csproj", "{C31D5C76-57D6-4B05-BDB4-6BC172F26057}"
EndProject
Global
	GlobalSection(SolutionConfigurationPlatforms) = preSolution
		Debug|Any CPU = Debug|Any CPU
		Release|Any CPU = Release|Any CPU
	EndGlobalSection
	GlobalSection(ProjectConfigurationPlatforms) = postSolution
		{C31D5C76-57D6-4B05-BDB4-6BC172F26057}.Debug|Any CPU.ActiveCfg = Debug|Any CPU
		{C31D5C76-57D6-4B05-BDB4-6BC172F26057}.Debug|Any CPU.Build.0 = Debug|Any CPU
		{C31D5C76-57D6-4B05-BDB4-6BC172F26057}.Release|Any CPU.ActiveCfg = Release|Any CPU
		{C31D5C76-57D6-4B05-BDB4-6BC172F26057}.Release|Any CPU.Build.0 = Release|Any CPU
	EndGlobalSection
	GlobalSection(SolutionProperties) = preSolution
		HideSolutionNode = FALSE
	EndGlobalSection
	GlobalSection(ExtensibilityGlobals) = postSolution
		SolutionGuid = {A48869BE-4A53-4E33-8E76-9ECCCD0058EA}
	EndGlobalSection
EndGlobal
