
Microsoft Visual Studio Solution File, Format Version 12.00
# Visual Studio Version 16
VisualStudioVersion = 16.0.30907.101
MinimumVisualStudioVersion = 10.0.40219.1
Project("{FAE04EC0-301F-11D3-BF4B-00C04F79EFBC}") = "ExerciseFour", "ExerciseFour\ExerciseFour.csproj", "{7B801DE3-75A8-4852-8784-56DDC8C27E2E}"
EndProject
Global
	GlobalSection(SolutionConfigurationPlatforms) = preSolution
		Debug|Any CPU = Debug|Any CPU
		Release|Any CPU = Release|Any CPU
	EndGlobalSection
	GlobalSection(ProjectConfigurationPlatforms) = postSolution
		{7B801DE3-75A8-4852-8784-56DDC8C27E2E}.Debug|Any CPU.ActiveCfg = Debug|Any CPU
		{7B801DE3-75A8-4852-8784-56DDC8C27E2E}.Debug|Any CPU.Build.0 = Debug|Any CPU
		{7B801DE3-75A8-4852-8784-56DDC8C27E2E}.Release|Any CPU.ActiveCfg = Release|Any CPU
		{7B801DE3-75A8-4852-8784-56DDC8C27E2E}.Release|Any CPU.Build.0 = Release|Any CPU
	EndGlobalSection
	GlobalSection(SolutionProperties) = preSolution
		HideSolutionNode = FALSE
	EndGlobalSection
	GlobalSection(ExtensibilityGlobals) = postSolution
		SolutionGuid = {B6822BD3-4F82-4CD0-8A0F-CE85CEE03A8F}
	EndGlobalSection
EndGlobal
